
Microsoft Visual Studio Solution File, Format Version 12.00
# Visual Studio Version 17
VisualStudioVersion = 17.3.32811.315
MinimumVisualStudioVersion = 10.0.40219.1
Project("{FAE04EC0-301F-11D3-BF4B-00C04F79EFBC}") = "Casestudyfinal", "Casestudyfinal\Casestudyfinal.csproj", "{216227DE-488C-49C9-B1E2-248A864337BC}"
EndProject
Project("{FAE04EC0-301F-11D3-BF4B-00C04F79EFBC}") = "Casestudyfinal.Tests", "Casestudyfinal.Tests\Casestudyfinal.Tests.csproj", "{AB72D791-4D1E-4579-88BC-76C1648DA617}"
EndProject
Global
	GlobalSection(SolutionConfigurationPlatforms) = preSolution
		Debug|Any CPU = Debug|Any CPU
		Release|Any CPU = Release|Any CPU
	EndGlobalSection
	GlobalSection(ProjectConfigurationPlatforms) = postSolution
		{216227DE-488C-49C9-B1E2-248A864337BC}.Debug|Any CPU.ActiveCfg = Debug|Any CPU
		{216227DE-488C-49C9-B1E2-248A864337BC}.Debug|Any CPU.Build.0 = Debug|Any CPU
		{216227DE-488C-49C9-B1E2-248A864337BC}.Release|Any CPU.ActiveCfg = Release|Any CPU
		{216227DE-488C-49C9-B1E2-248A864337BC}.Release|Any CPU.Build.0 = Release|Any CPU
		{AB72D791-4D1E-4579-88BC-76C1648DA617}.Debug|Any CPU.ActiveCfg = Debug|Any CPU
		{AB72D791-4D1E-4579-88BC-76C1648DA617}.Debug|Any CPU.Build.0 = Debug|Any CPU
		{AB72D791-4D1E-4579-88BC-76C1648DA617}.Release|Any CPU.ActiveCfg = Release|Any CPU
		{AB72D791-4D1E-4579-88BC-76C1648DA617}.Release|Any CPU.Build.0 = Release|Any CPU
	EndGlobalSection
	GlobalSection(SolutionProperties) = preSolution
		HideSolutionNode = FALSE
	EndGlobalSection
	GlobalSection(ExtensibilityGlobals) = postSolution
		SolutionGuid = {70C45EBF-540A-4671-AA5E-1AF62B0FB340}
	EndGlobalSection
EndGlobal
